// !$*UTF8*$!
{
	archiveVersion = 1;
	classes = {
	};
	objectVersion = 46;
	objects = {

/* Begin PBXBuildFile section */
		494C10981EC166400073DDB2 /* NSString+BYExtension.m in Sources */ = {isa = PBXBuildFile; fileRef = 494C10971EC166400073DDB2 /* NSString+BYExtension.m */; };
		494C109B1EC2E29C0073DDB2 /* BYClearCacheCell.m in Sources */ = {isa = PBXBuildFile; fileRef = 494C109A1EC2E29C0073DDB2 /* BYClearCacheCell.m */; };
		4986FA6F1EB8279E0054DF6D /* UITextField+BYExtension.m in Sources */ = {isa = PBXBuildFile; fileRef = 4986FA6E1EB8279E0054DF6D /* UITextField+BYExtension.m */; };
		4986FA721EB858EC0054DF6D /* BYMeCell.m in Sources */ = {isa = PBXBuildFile; fileRef = 4986FA711EB858EC0054DF6D /* BYMeCell.m */; };
		4986FA7B1EB85C480054DF6D /* BYConst.m in Sources */ = {isa = PBXBuildFile; fileRef = 4986FA7A1EB85C480054DF6D /* BYConst.m */; };
		4986FA7E1EB85CCF0054DF6D /* BYMeSquare.m in Sources */ = {isa = PBXBuildFile; fileRef = 4986FA7D1EB85CCF0054DF6D /* BYMeSquare.m */; };
		4986FA811EB85D280054DF6D /* BYMeFooterView.m in Sources */ = {isa = PBXBuildFile; fileRef = 4986FA801EB85D280054DF6D /* BYMeFooterView.m */; };
		4986FA841EB886560054DF6D /* BYMeSquareButton.m in Sources */ = {isa = PBXBuildFile; fileRef = 4986FA831EB886560054DF6D /* BYMeSquareButton.m */; };
		4986FA881EB9C4800054DF6D /* BYWebViewController.m in Sources */ = {isa = PBXBuildFile; fileRef = 4986FA861EB9C4800054DF6D /* BYWebViewController.m */; };
		4986FA891EB9C4800054DF6D /* BYWebViewController.xib in Resources */ = {isa = PBXBuildFile; fileRef = 4986FA871EB9C4800054DF6D /* BYWebViewController.xib */; };
		4997FEB91EBB2327004EABEC /* MOBFoundation.framework in Frameworks */ = {isa = PBXBuildFile; fileRef = 4997FEB61EBB2327004EABEC /* MOBFoundation.framework */; };
		4997FEBA1EBB2327004EABEC /* MOBFoundationEx.framework in Frameworks */ = {isa = PBXBuildFile; fileRef = 4997FEB71EBB2327004EABEC /* MOBFoundationEx.framework */; };
		4997FEBB1EBB2327004EABEC /* SMS_SDK.framework in Frameworks */ = {isa = PBXBuildFile; fileRef = 4997FEB81EBB2327004EABEC /* SMS_SDK.framework */; };
		4997FEBD1EBB2399004EABEC /* SystemConfiguration.framework in Frameworks */ = {isa = PBXBuildFile; fileRef = 4997FEBC1EBB2399004EABEC /* SystemConfiguration.framework */; };
		4997FEBF1EBB23A0004EABEC /* CoreTelephony.framework in Frameworks */ = {isa = PBXBuildFile; fileRef = 4997FEBE1EBB23A0004EABEC /* CoreTelephony.framework */; };
		4997FEC11EBB23A9004EABEC /* AdSupport.framework in Frameworks */ = {isa = PBXBuildFile; fileRef = 4997FEC01EBB23A9004EABEC /* AdSupport.framework */; };
		4997FEC31EBB23BC004EABEC /* libz.tbd in Frameworks */ = {isa = PBXBuildFile; fileRef = 4997FEC21EBB23BC004EABEC /* libz.tbd */; };
		4997FEC51EBB23C9004EABEC /* libicucore.tbd in Frameworks */ = {isa = PBXBuildFile; fileRef = 4997FEC41EBB23C9004EABEC /* libicucore.tbd */; };
		4997FEC71EBB23D2004EABEC /* MessageUI.framework in Frameworks */ = {isa = PBXBuildFile; fileRef = 4997FEC61EBB23D2004EABEC /* MessageUI.framework */; };
		4997FEC91EBB23DB004EABEC /* JavaScriptCore.framework in Frameworks */ = {isa = PBXBuildFile; fileRef = 4997FEC81EBB23DB004EABEC /* JavaScriptCore.framework */; };
		4997FECB1EBB23E5004EABEC /* libstdc++.tbd in Frameworks */ = {isa = PBXBuildFile; fileRef = 4997FECA1EBB23E5004EABEC /* libstdc++.tbd */; };
		4997FECE1EBB287E004EABEC /* BYForgetPasswordViewController.m in Sources */ = {isa = PBXBuildFile; fileRef = 4997FECD1EBB287E004EABEC /* BYForgetPasswordViewController.m */; };
		49C2D0521EAF12BD0092039A /* Assets.xcassets in Resources */ = {isa = PBXBuildFile; fileRef = 49C2D0511EAF12BD0092039A /* Assets.xcassets */; };
		49C2D0BE1EB03EAD0092039A /* BYEssenceViewController.m in Sources */ = {isa = PBXBuildFile; fileRef = 49C2D09B1EB03EAD0092039A /* BYEssenceViewController.m */; };
		49C2D0BF1EB03EAD0092039A /* BYFollowViewController.m in Sources */ = {isa = PBXBuildFile; fileRef = 49C2D0A11EB03EAD0092039A /* BYFollowViewController.m */; };
		49C2D0C01EB03EAD0092039A /* BYMeViewController.m in Sources */ = {isa = PBXBuildFile; fileRef = 49C2D0A71EB03EAD0092039A /* BYMeViewController.m */; };
		49C2D0C11EB03EAD0092039A /* BYNewViewController.m in Sources */ = {isa = PBXBuildFile; fileRef = 49C2D0AD1EB03EAD0092039A /* BYNewViewController.m */; };
		49C2D0C21EB03EAD0092039A /* AppDelegate.m in Sources */ = {isa = PBXBuildFile; fileRef = 49C2D0B21EB03EAD0092039A /* AppDelegate.m */; };
		49C2D0C31EB03EAD0092039A /* UIView+BYExtension.m in Sources */ = {isa = PBXBuildFile; fileRef = 49C2D0B51EB03EAD0092039A /* UIView+BYExtension.m */; };
		49C2D0C41EB03EAD0092039A /* BYTabBar.m in Sources */ = {isa = PBXBuildFile; fileRef = 49C2D0B81EB03EAD0092039A /* BYTabBar.m */; };
		49C2D0C51EB03EAD0092039A /* BYTabBarController.m in Sources */ = {isa = PBXBuildFile; fileRef = 49C2D0BA1EB03EAD0092039A /* BYTabBarController.m */; };
		49C2D0C61EB03EAD0092039A /* main.m in Sources */ = {isa = PBXBuildFile; fileRef = 49C2D0BB1EB03EAD0092039A /* main.m */; };
		49C2D0CC1EB04BE60092039A /* UIBarButtonItem+BYExtension.m in Sources */ = {isa = PBXBuildFile; fileRef = 49C2D0CB1EB04BE60092039A /* UIBarButtonItem+BYExtension.m */; };
		49C2D0D21EB056310092039A /* BYRecommendFollowViewController.m in Sources */ = {isa = PBXBuildFile; fileRef = 49C2D0D11EB056310092039A /* BYRecommendFollowViewController.m */; };
		49C2D0D51EB05EE20092039A /* BYNavigationController.m in Sources */ = {isa = PBXBuildFile; fileRef = 49C2D0D41EB05EE20092039A /* BYNavigationController.m */; };
		49C2D0D81EB069930092039A /* BYSettingViewController.m in Sources */ = {isa = PBXBuildFile; fileRef = 49C2D0D71EB069930092039A /* BYSettingViewController.m */; };
		49C2D0DA1EB089980092039A /* BYFollowViewController.xib in Resources */ = {isa = PBXBuildFile; fileRef = 49C2D0D91EB089980092039A /* BYFollowViewController.xib */; };
		49C2D0DE1EB094940092039A /* BYLoginRegisterViewController.m in Sources */ = {isa = PBXBuildFile; fileRef = 49C2D0DC1EB094940092039A /* BYLoginRegisterViewController.m */; };
		49C2D0DF1EB094940092039A /* BYLoginRegisterViewController.xib in Resources */ = {isa = PBXBuildFile; fileRef = 49C2D0DD1EB094940092039A /* BYLoginRegisterViewController.xib */; };
		49C2D0E21EB0A6A70092039A /* BYQuickLoginButton.m in Sources */ = {isa = PBXBuildFile; fileRef = 49C2D0E11EB0A6A70092039A /* BYQuickLoginButton.m */; };
		49C2D0E51EB1AECC0092039A /* BYLoginRegisterTextField.m in Sources */ = {isa = PBXBuildFile; fileRef = 49C2D0E41EB1AECC0092039A /* BYLoginRegisterTextField.m */; };
		D40E269659FA02BAC5573BAD /* libPods-BYBestThink.a in Frameworks */ = {isa = PBXBuildFile; fileRef = 678D6574E4183531125CC11D /* libPods-BYBestThink.a */; };
/* End PBXBuildFile section */

/* Begin PBXFileReference section */
		494C10961EC166400073DDB2 /* NSString+BYExtension.h */ = {isa = PBXFileReference; fileEncoding = 4; lastKnownFileType = sourcecode.c.h; path = "NSString+BYExtension.h"; sourceTree = "<group>"; };
		494C10971EC166400073DDB2 /* NSString+BYExtension.m */ = {isa = PBXFileReference; fileEncoding = 4; lastKnownFileType = sourcecode.c.objc; path = "NSString+BYExtension.m"; sourceTree = "<group>"; };
		494C10991EC2E29C0073DDB2 /* BYClearCacheCell.h */ = {isa = PBXFileReference; fileEncoding = 4; lastKnownFileType = sourcecode.c.h; path = BYClearCacheCell.h; sourceTree = "<group>"; };
		494C109A1EC2E29C0073DDB2 /* BYClearCacheCell.m */ = {isa = PBXFileReference; fileEncoding = 4; lastKnownFileType = sourcecode.c.objc; path = BYClearCacheCell.m; sourceTree = "<group>"; };
		49784C6F1EAE4E950023CCBE /* BYBestThink.app */ = {isa = PBXFileReference; explicitFileType = wrapper.application; includeInIndex = 0; path = BYBestThink.app; sourceTree = BUILT_PRODUCTS_DIR; };
		49784C831EAE4E950023CCBE /* Info.plist */ = {isa = PBXFileReference; lastKnownFileType = text.plist.xml; path = Info.plist; sourceTree = "<group>"; };
		4986FA6D1EB8279E0054DF6D /* UITextField+BYExtension.h */ = {isa = PBXFileReference; fileEncoding = 4; lastKnownFileType = sourcecode.c.h; path = "UITextField+BYExtension.h"; sourceTree = "<group>"; };
		4986FA6E1EB8279E0054DF6D /* UITextField+BYExtension.m */ = {isa = PBXFileReference; fileEncoding = 4; lastKnownFileType = sourcecode.c.objc; path = "UITextField+BYExtension.m"; sourceTree = "<group>"; };
		4986FA701EB858EC0054DF6D /* BYMeCell.h */ = {isa = PBXFileReference; fileEncoding = 4; lastKnownFileType = sourcecode.c.h; path = BYMeCell.h; sourceTree = "<group>"; };
		4986FA711EB858EC0054DF6D /* BYMeCell.m */ = {isa = PBXFileReference; fileEncoding = 4; lastKnownFileType = sourcecode.c.objc; path = BYMeCell.m; sourceTree = "<group>"; };
		4986FA791EB85C480054DF6D /* BYConst.h */ = {isa = PBXFileReference; fileEncoding = 4; lastKnownFileType = sourcecode.c.h; name = BYConst.h; path = Other/BYConst.h; sourceTree = "<group>"; };
		4986FA7A1EB85C480054DF6D /* BYConst.m */ = {isa = PBXFileReference; fileEncoding = 4; lastKnownFileType = sourcecode.c.objc; name = BYConst.m; path = Other/BYConst.m; sourceTree = "<group>"; };
		4986FA7C1EB85CCF0054DF6D /* BYMeSquare.h */ = {isa = PBXFileReference; fileEncoding = 4; lastKnownFileType = sourcecode.c.h; path = BYMeSquare.h; sourceTree = "<group>"; };
		4986FA7D1EB85CCF0054DF6D /* BYMeSquare.m */ = {isa = PBXFileReference; fileEncoding = 4; lastKnownFileType = sourcecode.c.objc; path = BYMeSquare.m; sourceTree = "<group>"; };
		4986FA7F1EB85D280054DF6D /* BYMeFooterView.h */ = {isa = PBXFileReference; fileEncoding = 4; lastKnownFileType = sourcecode.c.h; path = BYMeFooterView.h; sourceTree = "<group>"; };
		4986FA801EB85D280054DF6D /* BYMeFooterView.m */ = {isa = PBXFileReference; fileEncoding = 4; lastKnownFileType = sourcecode.c.objc; path = BYMeFooterView.m; sourceTree = "<group>"; };
		4986FA821EB886560054DF6D /* BYMeSquareButton.h */ = {isa = PBXFileReference; fileEncoding = 4; lastKnownFileType = sourcecode.c.h; path = BYMeSquareButton.h; sourceTree = "<group>"; };
		4986FA831EB886560054DF6D /* BYMeSquareButton.m */ = {isa = PBXFileReference; fileEncoding = 4; lastKnownFileType = sourcecode.c.objc; path = BYMeSquareButton.m; sourceTree = "<group>"; };
		4986FA851EB9C4800054DF6D /* BYWebViewController.h */ = {isa = PBXFileReference; fileEncoding = 4; lastKnownFileType = sourcecode.c.h; path = BYWebViewController.h; sourceTree = "<group>"; };
		4986FA861EB9C4800054DF6D /* BYWebViewController.m */ = {isa = PBXFileReference; fileEncoding = 4; lastKnownFileType = sourcecode.c.objc; path = BYWebViewController.m; sourceTree = "<group>"; };
		4986FA871EB9C4800054DF6D /* BYWebViewController.xib */ = {isa = PBXFileReference; fileEncoding = 4; lastKnownFileType = file.xib; path = BYWebViewController.xib; sourceTree = "<group>"; };
		4997FEB61EBB2327004EABEC /* MOBFoundation.framework */ = {isa = PBXFileReference; lastKnownFileType = wrapper.framework; path = MOBFoundation.framework; sourceTree = "<group>"; };
		4997FEB71EBB2327004EABEC /* MOBFoundationEx.framework */ = {isa = PBXFileReference; lastKnownFileType = wrapper.framework; path = MOBFoundationEx.framework; sourceTree = "<group>"; };
		4997FEB81EBB2327004EABEC /* SMS_SDK.framework */ = {isa = PBXFileReference; lastKnownFileType = wrapper.framework; path = SMS_SDK.framework; sourceTree = "<group>"; };
		4997FEBC1EBB2399004EABEC /* SystemConfiguration.framework */ = {isa = PBXFileReference; lastKnownFileType = wrapper.framework; name = SystemConfiguration.framework; path = System/Library/Frameworks/SystemConfiguration.framework; sourceTree = SDKROOT; };
		4997FEBE1EBB23A0004EABEC /* CoreTelephony.framework */ = {isa = PBXFileReference; lastKnownFileType = wrapper.framework; name = CoreTelephony.framework; path = System/Library/Frameworks/CoreTelephony.framework; sourceTree = SDKROOT; };
		4997FEC01EBB23A9004EABEC /* AdSupport.framework */ = {isa = PBXFileReference; lastKnownFileType = wrapper.framework; name = AdSupport.framework; path = System/Library/Frameworks/AdSupport.framework; sourceTree = SDKROOT; };
		4997FEC21EBB23BC004EABEC /* libz.tbd */ = {isa = PBXFileReference; lastKnownFileType = "sourcecode.text-based-dylib-definition"; name = libz.tbd; path = usr/lib/libz.tbd; sourceTree = SDKROOT; };
		4997FEC41EBB23C9004EABEC /* libicucore.tbd */ = {isa = PBXFileReference; lastKnownFileType = "sourcecode.text-based-dylib-definition"; name = libicucore.tbd; path = usr/lib/libicucore.tbd; sourceTree = SDKROOT; };
		4997FEC61EBB23D2004EABEC /* MessageUI.framework */ = {isa = PBXFileReference; lastKnownFileType = wrapper.framework; name = MessageUI.framework; path = System/Library/Frameworks/MessageUI.framework; sourceTree = SDKROOT; };
		4997FEC81EBB23DB004EABEC /* JavaScriptCore.framework */ = {isa = PBXFileReference; lastKnownFileType = wrapper.framework; name = JavaScriptCore.framework; path = System/Library/Frameworks/JavaScriptCore.framework; sourceTree = SDKROOT; };
		4997FECA1EBB23E5004EABEC /* libstdc++.tbd */ = {isa = PBXFileReference; lastKnownFileType = "sourcecode.text-based-dylib-definition"; name = "libstdc++.tbd"; path = "usr/lib/libstdc++.tbd"; sourceTree = SDKROOT; };
		4997FECC1EBB287E004EABEC /* BYForgetPasswordViewController.h */ = {isa = PBXFileReference; fileEncoding = 4; lastKnownFileType = sourcecode.c.h; path = BYForgetPasswordViewController.h; sourceTree = "<group>"; };
		4997FECD1EBB287E004EABEC /* BYForgetPasswordViewController.m */ = {isa = PBXFileReference; fileEncoding = 4; lastKnownFileType = sourcecode.c.objc; path = BYForgetPasswordViewController.m; sourceTree = "<group>"; };
		49C2D0511EAF12BD0092039A /* Assets.xcassets */ = {isa = PBXFileReference; lastKnownFileType = folder.assetcatalog; path = Assets.xcassets; sourceTree = "<group>"; };
		49C2D09A1EB03EAD0092039A /* BYEssenceViewController.h */ = {isa = PBXFileReference; fileEncoding = 4; lastKnownFileType = sourcecode.c.h; path = BYEssenceViewController.h; sourceTree = "<group>"; };
		49C2D09B1EB03EAD0092039A /* BYEssenceViewController.m */ = {isa = PBXFileReference; fileEncoding = 4; lastKnownFileType = sourcecode.c.objc; path = BYEssenceViewController.m; sourceTree = "<group>"; };
		49C2D0A01EB03EAD0092039A /* BYFollowViewController.h */ = {isa = PBXFileReference; fileEncoding = 4; lastKnownFileType = sourcecode.c.h; path = BYFollowViewController.h; sourceTree = "<group>"; };
		49C2D0A11EB03EAD0092039A /* BYFollowViewController.m */ = {isa = PBXFileReference; fileEncoding = 4; lastKnownFileType = sourcecode.c.objc; path = BYFollowViewController.m; sourceTree = "<group>"; };
		49C2D0A61EB03EAD0092039A /* BYMeViewController.h */ = {isa = PBXFileReference; fileEncoding = 4; lastKnownFileType = sourcecode.c.h; path = BYMeViewController.h; sourceTree = "<group>"; };
		49C2D0A71EB03EAD0092039A /* BYMeViewController.m */ = {isa = PBXFileReference; fileEncoding = 4; lastKnownFileType = sourcecode.c.objc; path = BYMeViewController.m; sourceTree = "<group>"; };
		49C2D0AC1EB03EAD0092039A /* BYNewViewController.h */ = {isa = PBXFileReference; fileEncoding = 4; lastKnownFileType = sourcecode.c.h; path = BYNewViewController.h; sourceTree = "<group>"; };
		49C2D0AD1EB03EAD0092039A /* BYNewViewController.m */ = {isa = PBXFileReference; fileEncoding = 4; lastKnownFileType = sourcecode.c.objc; path = BYNewViewController.m; sourceTree = "<group>"; };
		49C2D0B11EB03EAD0092039A /* AppDelegate.h */ = {isa = PBXFileReference; fileEncoding = 4; lastKnownFileType = sourcecode.c.h; name = AppDelegate.h; path = Other/AppDelegate.h; sourceTree = "<group>"; };
		49C2D0B21EB03EAD0092039A /* AppDelegate.m */ = {isa = PBXFileReference; fileEncoding = 4; lastKnownFileType = sourcecode.c.objc; name = AppDelegate.m; path = Other/AppDelegate.m; sourceTree = "<group>"; };
		49C2D0B41EB03EAD0092039A /* UIView+BYExtension.h */ = {isa = PBXFileReference; fileEncoding = 4; lastKnownFileType = sourcecode.c.h; path = "UIView+BYExtension.h"; sourceTree = "<group>"; };
		49C2D0B51EB03EAD0092039A /* UIView+BYExtension.m */ = {isa = PBXFileReference; fileEncoding = 4; lastKnownFileType = sourcecode.c.objc; path = "UIView+BYExtension.m"; sourceTree = "<group>"; };
		49C2D0B71EB03EAD0092039A /* BYTabBar.h */ = {isa = PBXFileReference; fileEncoding = 4; lastKnownFileType = sourcecode.c.h; name = BYTabBar.h; path = ../Controller/BYTabBar.h; sourceTree = "<group>"; };
		49C2D0B81EB03EAD0092039A /* BYTabBar.m */ = {isa = PBXFileReference; fileEncoding = 4; lastKnownFileType = sourcecode.c.objc; name = BYTabBar.m; path = ../Controller/BYTabBar.m; sourceTree = "<group>"; };
		49C2D0B91EB03EAD0092039A /* BYTabBarController.h */ = {isa = PBXFileReference; fileEncoding = 4; lastKnownFileType = sourcecode.c.h; path = BYTabBarController.h; sourceTree = "<group>"; };
		49C2D0BA1EB03EAD0092039A /* BYTabBarController.m */ = {isa = PBXFileReference; fileEncoding = 4; lastKnownFileType = sourcecode.c.objc; path = BYTabBarController.m; sourceTree = "<group>"; };
		49C2D0BB1EB03EAD0092039A /* main.m */ = {isa = PBXFileReference; fileEncoding = 4; lastKnownFileType = sourcecode.c.objc; name = main.m; path = Other/main.m; sourceTree = "<group>"; };
		49C2D0BC1EB03EAD0092039A /* PrefixHeader.pch */ = {isa = PBXFileReference; fileEncoding = 4; lastKnownFileType = sourcecode.c.h; name = PrefixHeader.pch; path = Other/PrefixHeader.pch; sourceTree = "<group>"; };
		49C2D0CA1EB04BE60092039A /* UIBarButtonItem+BYExtension.h */ = {isa = PBXFileReference; fileEncoding = 4; lastKnownFileType = sourcecode.c.h; path = "UIBarButtonItem+BYExtension.h"; sourceTree = "<group>"; };
		49C2D0CB1EB04BE60092039A /* UIBarButtonItem+BYExtension.m */ = {isa = PBXFileReference; fileEncoding = 4; lastKnownFileType = sourcecode.c.objc; path = "UIBarButtonItem+BYExtension.m"; sourceTree = "<group>"; };
		49C2D0D01EB056310092039A /* BYRecommendFollowViewController.h */ = {isa = PBXFileReference; fileEncoding = 4; lastKnownFileType = sourcecode.c.h; path = BYRecommendFollowViewController.h; sourceTree = "<group>"; };
		49C2D0D11EB056310092039A /* BYRecommendFollowViewController.m */ = {isa = PBXFileReference; fileEncoding = 4; lastKnownFileType = sourcecode.c.objc; path = BYRecommendFollowViewController.m; sourceTree = "<group>"; };
		49C2D0D31EB05EE20092039A /* BYNavigationController.h */ = {isa = PBXFileReference; fileEncoding = 4; lastKnownFileType = sourcecode.c.h; path = BYNavigationController.h; sourceTree = "<group>"; };
		49C2D0D41EB05EE20092039A /* BYNavigationController.m */ = {isa = PBXFileReference; fileEncoding = 4; lastKnownFileType = sourcecode.c.objc; path = BYNavigationController.m; sourceTree = "<group>"; };
		49C2D0D61EB069930092039A /* BYSettingViewController.h */ = {isa = PBXFileReference; fileEncoding = 4; lastKnownFileType = sourcecode.c.h; path = BYSettingViewController.h; sourceTree = "<group>"; };
		49C2D0D71EB069930092039A /* BYSettingViewController.m */ = {isa = PBXFileReference; fileEncoding = 4; lastKnownFileType = sourcecode.c.objc; path = BYSettingViewController.m; sourceTree = "<group>"; };
		49C2D0D91EB089980092039A /* BYFollowViewController.xib */ = {isa = PBXFileReference; fileEncoding = 4; lastKnownFileType = file.xib; path = BYFollowViewController.xib; sourceTree = "<group>"; };
		49C2D0DB1EB094940092039A /* BYLoginRegisterViewController.h */ = {isa = PBXFileReference; fileEncoding = 4; lastKnownFileType = sourcecode.c.h; path = BYLoginRegisterViewController.h; sourceTree = "<group>"; };
		49C2D0DC1EB094940092039A /* BYLoginRegisterViewController.m */ = {isa = PBXFileReference; fileEncoding = 4; lastKnownFileType = sourcecode.c.objc; path = BYLoginRegisterViewController.m; sourceTree = "<group>"; };
		49C2D0DD1EB094940092039A /* BYLoginRegisterViewController.xib */ = {isa = PBXFileReference; fileEncoding = 4; lastKnownFileType = file.xib; path = BYLoginRegisterViewController.xib; sourceTree = "<group>"; };
		49C2D0E01EB0A6A70092039A /* BYQuickLoginButton.h */ = {isa = PBXFileReference; fileEncoding = 4; lastKnownFileType = sourcecode.c.h; path = BYQuickLoginButton.h; sourceTree = "<group>"; };
		49C2D0E11EB0A6A70092039A /* BYQuickLoginButton.m */ = {isa = PBXFileReference; fileEncoding = 4; lastKnownFileType = sourcecode.c.objc; path = BYQuickLoginButton.m; sourceTree = "<group>"; };
		49C2D0E31EB1AECC0092039A /* BYLoginRegisterTextField.h */ = {isa = PBXFileReference; fileEncoding = 4; lastKnownFileType = sourcecode.c.h; path = BYLoginRegisterTextField.h; sourceTree = "<group>"; };
		49C2D0E41EB1AECC0092039A /* BYLoginRegisterTextField.m */ = {isa = PBXFileReference; fileEncoding = 4; lastKnownFileType = sourcecode.c.objc; path = BYLoginRegisterTextField.m; sourceTree = "<group>"; };
		5A3BBC7BF35B6E8994951A6B /* Pods-BYBestThink.release.xcconfig */ = {isa = PBXFileReference; includeInIndex = 1; lastKnownFileType = text.xcconfig; name = "Pods-BYBestThink.release.xcconfig"; path = "Pods/Target Support Files/Pods-BYBestThink/Pods-BYBestThink.release.xcconfig"; sourceTree = "<group>"; };
		678D6574E4183531125CC11D /* libPods-BYBestThink.a */ = {isa = PBXFileReference; explicitFileType = archive.ar; includeInIndex = 0; path = "libPods-BYBestThink.a"; sourceTree = BUILT_PRODUCTS_DIR; };
		A5C8632245AA4E3D827E8594 /* Pods-BYBestThink.debug.xcconfig */ = {isa = PBXFileReference; includeInIndex = 1; lastKnownFileType = text.xcconfig; name = "Pods-BYBestThink.debug.xcconfig"; path = "Pods/Target Support Files/Pods-BYBestThink/Pods-BYBestThink.debug.xcconfig"; sourceTree = "<group>"; };
/* End PBXFileReference section */

/* Begin PBXFrameworksBuildPhase section */
		49784C6C1EAE4E950023CCBE /* Frameworks */ = {
			isa = PBXFrameworksBuildPhase;
			buildActionMask = 2147483647;
			files = (
				4997FECB1EBB23E5004EABEC /* libstdc++.tbd in Frameworks */,
				4997FEC91EBB23DB004EABEC /* JavaScriptCore.framework in Frameworks */,
				4997FEC71EBB23D2004EABEC /* MessageUI.framework in Frameworks */,
				4997FEC51EBB23C9004EABEC /* libicucore.tbd in Frameworks */,
				4997FEC31EBB23BC004EABEC /* libz.tbd in Frameworks */,
				4997FEC11EBB23A9004EABEC /* AdSupport.framework in Frameworks */,
				4997FEBF1EBB23A0004EABEC /* CoreTelephony.framework in Frameworks */,
				4997FEBD1EBB2399004EABEC /* SystemConfiguration.framework in Frameworks */,
				4997FEB91EBB2327004EABEC /* MOBFoundation.framework in Frameworks */,
				4997FEBB1EBB2327004EABEC /* SMS_SDK.framework in Frameworks */,
				D40E269659FA02BAC5573BAD /* libPods-BYBestThink.a in Frameworks */,
				4997FEBA1EBB2327004EABEC /* MOBFoundationEx.framework in Frameworks */,
			);
			runOnlyForDeploymentPostprocessing = 0;
		};
/* End PBXFrameworksBuildPhase section */

/* Begin PBXGroup section */
		49784C661EAE4E940023CCBE = {
			isa = PBXGroup;
			children = (
				49784C711EAE4E950023CCBE /* BYBestThink */,
				49784C701EAE4E950023CCBE /* Products */,
				C15249EAB771FF7B30A10450 /* Pods */,
				D9CF1E1032C8216023F21978 /* Frameworks */,
			);
			sourceTree = "<group>";
		};
		49784C701EAE4E950023CCBE /* Products */ = {
			isa = PBXGroup;
			children = (
				49784C6F1EAE4E950023CCBE /* BYBestThink.app */,
			);
			name = Products;
			sourceTree = "<group>";
		};
		49784C711EAE4E950023CCBE /* BYBestThink */ = {
			isa = PBXGroup;
			children = (
				49C2D0971EB03EAD0092039A /* Classes */,
				49784C721EAE4E950023CCBE /* Supporting Files */,
			);
			path = BYBestThink;
			sourceTree = "<group>";
		};
		49784C721EAE4E950023CCBE /* Supporting Files */ = {
			isa = PBXGroup;
			children = (
				49784C831EAE4E950023CCBE /* Info.plist */,
				49C2D0511EAF12BD0092039A /* Assets.xcassets */,
			);
			name = "Supporting Files";
			sourceTree = "<group>";
		};
		4997FEB41EBB2327004EABEC /* SDK */ = {
			isa = PBXGroup;
			children = (
				4997FEB51EBB2327004EABEC /* SMS_SDK */,
			);
			path = SDK;
			sourceTree = "<group>";
		};
		4997FEB51EBB2327004EABEC /* SMS_SDK */ = {
			isa = PBXGroup;
			children = (
				4997FEB61EBB2327004EABEC /* MOBFoundation.framework */,
				4997FEB71EBB2327004EABEC /* MOBFoundationEx.framework */,
				4997FEB81EBB2327004EABEC /* SMS_SDK.framework */,
			);
			path = SMS_SDK;
			sourceTree = "<group>";
		};
		49C2D0971EB03EAD0092039A /* Classes */ = {
			isa = PBXGroup;
			children = (
				4997FEB41EBB2327004EABEC /* SDK */,
				49C2D0981EB03EAD0092039A /* Essence */,
				49C2D0AA1EB03EAD0092039A /* New */,
				49C2D09E1EB03EAD0092039A /* Follow */,
				49C2D0A41EB03EAD0092039A /* Me */,
				49C2D0B01EB03EAD0092039A /* Other */,
				49C2D0B11EB03EAD0092039A /* AppDelegate.h */,
				49C2D0B21EB03EAD0092039A /* AppDelegate.m */,
				49C2D0BB1EB03EAD0092039A /* main.m */,
				49C2D0BC1EB03EAD0092039A /* PrefixHeader.pch */,
				4986FA791EB85C480054DF6D /* BYConst.h */,
				4986FA7A1EB85C480054DF6D /* BYConst.m */,
			);
			path = Classes;
			sourceTree = "<group>";
		};
		49C2D0981EB03EAD0092039A /* Essence */ = {
			isa = PBXGroup;
			children = (
				49C2D0991EB03EAD0092039A /* Controller */,
				49C2D09C1EB03EAD0092039A /* Model */,
				49C2D09D1EB03EAD0092039A /* View */,
			);
			path = Essence;
			sourceTree = "<group>";
		};
		49C2D0991EB03EAD0092039A /* Controller */ = {
			isa = PBXGroup;
			children = (
				49C2D09A1EB03EAD0092039A /* BYEssenceViewController.h */,
				49C2D09B1EB03EAD0092039A /* BYEssenceViewController.m */,
			);
			path = Controller;
			sourceTree = "<group>";
		};
		49C2D09C1EB03EAD0092039A /* Model */ = {
			isa = PBXGroup;
			children = (
			);
			path = Model;
			sourceTree = "<group>";
		};
		49C2D09D1EB03EAD0092039A /* View */ = {
			isa = PBXGroup;
			children = (
			);
			path = View;
			sourceTree = "<group>";
		};
		49C2D09E1EB03EAD0092039A /* Follow */ = {
			isa = PBXGroup;
			children = (
				49C2D09F1EB03EAD0092039A /* Controller */,
				49C2D0A21EB03EAD0092039A /* Model */,
				49C2D0A31EB03EAD0092039A /* View */,
			);
			path = Follow;
			sourceTree = "<group>";
		};
		49C2D09F1EB03EAD0092039A /* Controller */ = {
			isa = PBXGroup;
			children = (
				49C2D0A01EB03EAD0092039A /* BYFollowViewController.h */,
				49C2D0A11EB03EAD0092039A /* BYFollowViewController.m */,
				49C2D0D91EB089980092039A /* BYFollowViewController.xib */,
				49C2D0D01EB056310092039A /* BYRecommendFollowViewController.h */,
				49C2D0D11EB056310092039A /* BYRecommendFollowViewController.m */,
			);
			path = Controller;
			sourceTree = "<group>";
		};
		49C2D0A21EB03EAD0092039A /* Model */ = {
			isa = PBXGroup;
			children = (
			);
			path = Model;
			sourceTree = "<group>";
		};
		49C2D0A31EB03EAD0092039A /* View */ = {
			isa = PBXGroup;
			children = (
			);
			path = View;
			sourceTree = "<group>";
		};
		49C2D0A41EB03EAD0092039A /* Me */ = {
			isa = PBXGroup;
			children = (
				49C2D0A51EB03EAD0092039A /* Controller */,
				49C2D0A81EB03EAD0092039A /* Model */,
				49C2D0A91EB03EAD0092039A /* View */,
			);
			path = Me;
			sourceTree = "<group>";
		};
		49C2D0A51EB03EAD0092039A /* Controller */ = {
			isa = PBXGroup;
			children = (
				49C2D0A61EB03EAD0092039A /* BYMeViewController.h */,
				49C2D0A71EB03EAD0092039A /* BYMeViewController.m */,
				49C2D0D61EB069930092039A /* BYSettingViewController.h */,
				49C2D0D71EB069930092039A /* BYSettingViewController.m */,
				4986FA851EB9C4800054DF6D /* BYWebViewController.h */,
				4986FA861EB9C4800054DF6D /* BYWebViewController.m */,
				4986FA871EB9C4800054DF6D /* BYWebViewController.xib */,
			);
			path = Controller;
			sourceTree = "<group>";
		};
		49C2D0A81EB03EAD0092039A /* Model */ = {
			isa = PBXGroup;
			children = (
				4986FA7C1EB85CCF0054DF6D /* BYMeSquare.h */,
				4986FA7D1EB85CCF0054DF6D /* BYMeSquare.m */,
			);
			path = Model;
			sourceTree = "<group>";
		};
		49C2D0A91EB03EAD0092039A /* View */ = {
			isa = PBXGroup;
			children = (
				4986FA701EB858EC0054DF6D /* BYMeCell.h */,
				4986FA711EB858EC0054DF6D /* BYMeCell.m */,
				4986FA7F1EB85D280054DF6D /* BYMeFooterView.h */,
				4986FA801EB85D280054DF6D /* BYMeFooterView.m */,
				4986FA821EB886560054DF6D /* BYMeSquareButton.h */,
				4986FA831EB886560054DF6D /* BYMeSquareButton.m */,
				494C10991EC2E29C0073DDB2 /* BYClearCacheCell.h */,
				494C109A1EC2E29C0073DDB2 /* BYClearCacheCell.m */,
			);
			path = View;
			sourceTree = "<group>";
		};
		49C2D0AA1EB03EAD0092039A /* New */ = {
			isa = PBXGroup;
			children = (
				49C2D0AB1EB03EAD0092039A /* Controller */,
				49C2D0AE1EB03EAD0092039A /* Model */,
				49C2D0AF1EB03EAD0092039A /* View */,
			);
			path = New;
			sourceTree = "<group>";
		};
		49C2D0AB1EB03EAD0092039A /* Controller */ = {
			isa = PBXGroup;
			children = (
				49C2D0AC1EB03EAD0092039A /* BYNewViewController.h */,
				49C2D0AD1EB03EAD0092039A /* BYNewViewController.m */,
			);
			path = Controller;
			sourceTree = "<group>";
		};
		49C2D0AE1EB03EAD0092039A /* Model */ = {
			isa = PBXGroup;
			children = (
			);
			path = Model;
			sourceTree = "<group>";
		};
		49C2D0AF1EB03EAD0092039A /* View */ = {
			isa = PBXGroup;
			children = (
			);
			path = View;
			sourceTree = "<group>";
		};
		49C2D0B01EB03EAD0092039A /* Other */ = {
			isa = PBXGroup;
			children = (
				49C2D0B31EB03EAD0092039A /* Category */,
				49C2D0B61EB03EAD0092039A /* Controller */,
				49C2D0BD1EB03EAD0092039A /* View */,
			);
			path = Other;
			sourceTree = "<group>";
		};
		49C2D0B31EB03EAD0092039A /* Category */ = {
			isa = PBXGroup;
			children = (
				49C2D0B41EB03EAD0092039A /* UIView+BYExtension.h */,
				49C2D0B51EB03EAD0092039A /* UIView+BYExtension.m */,
				49C2D0CA1EB04BE60092039A /* UIBarButtonItem+BYExtension.h */,
				49C2D0CB1EB04BE60092039A /* UIBarButtonItem+BYExtension.m */,
				4986FA6D1EB8279E0054DF6D /* UITextField+BYExtension.h */,
				4986FA6E1EB8279E0054DF6D /* UITextField+BYExtension.m */,
				494C10961EC166400073DDB2 /* NSString+BYExtension.h */,
				494C10971EC166400073DDB2 /* NSString+BYExtension.m */,
			);
			path = Category;
			sourceTree = "<group>";
		};
		49C2D0B61EB03EAD0092039A /* Controller */ = {
			isa = PBXGroup;
			children = (
				49C2D0B91EB03EAD0092039A /* BYTabBarController.h */,
				49C2D0BA1EB03EAD0092039A /* BYTabBarController.m */,
				49C2D0D31EB05EE20092039A /* BYNavigationController.h */,
				49C2D0D41EB05EE20092039A /* BYNavigationController.m */,
				49C2D0DB1EB094940092039A /* BYLoginRegisterViewController.h */,
				49C2D0DC1EB094940092039A /* BYLoginRegisterViewController.m */,
				49C2D0DD1EB094940092039A /* BYLoginRegisterViewController.xib */,
				4997FECC1EBB287E004EABEC /* BYForgetPasswordViewController.h */,
				4997FECD1EBB287E004EABEC /* BYForgetPasswordViewController.m */,
			);
			path = Controller;
			sourceTree = "<group>";
		};
		49C2D0BD1EB03EAD0092039A /* View */ = {
			isa = PBXGroup;
			children = (
				49C2D0B71EB03EAD0092039A /* BYTabBar.h */,
				49C2D0B81EB03EAD0092039A /* BYTabBar.m */,
				49C2D0E01EB0A6A70092039A /* BYQuickLoginButton.h */,
				49C2D0E11EB0A6A70092039A /* BYQuickLoginButton.m */,
				49C2D0E31EB1AECC0092039A /* BYLoginRegisterTextField.h */,
				49C2D0E41EB1AECC0092039A /* BYLoginRegisterTextField.m */,
			);
			path = View;
			sourceTree = "<group>";
		};
		C15249EAB771FF7B30A10450 /* Pods */ = {
			isa = PBXGroup;
			children = (
				A5C8632245AA4E3D827E8594 /* Pods-BYBestThink.debug.xcconfig */,
				5A3BBC7BF35B6E8994951A6B /* Pods-BYBestThink.release.xcconfig */,
			);
			name = Pods;
			sourceTree = "<group>";
		};
		D9CF1E1032C8216023F21978 /* Frameworks */ = {
			isa = PBXGroup;
			children = (
				4997FECA1EBB23E5004EABEC /* libstdc++.tbd */,
				4997FEC81EBB23DB004EABEC /* JavaScriptCore.framework */,
				4997FEC61EBB23D2004EABEC /* MessageUI.framework */,
				4997FEC41EBB23C9004EABEC /* libicucore.tbd */,
				4997FEC21EBB23BC004EABEC /* libz.tbd */,
				4997FEC01EBB23A9004EABEC /* AdSupport.framework */,
				4997FEBE1EBB23A0004EABEC /* CoreTelephony.framework */,
				4997FEBC1EBB2399004EABEC /* SystemConfiguration.framework */,
				678D6574E4183531125CC11D /* libPods-BYBestThink.a */,
			);
			name = Frameworks;
			sourceTree = "<group>";
		};
/* End PBXGroup section */

/* Begin PBXNativeTarget section */
		49784C6E1EAE4E950023CCBE /* BYBestThink */ = {
			isa = PBXNativeTarget;
			buildConfigurationList = 49784C861EAE4E950023CCBE /* Build configuration list for PBXNativeTarget "BYBestThink" */;
			buildPhases = (
				0352E06F190CDB8C39365F61 /* [CP] Check Pods Manifest.lock */,
				49784C6B1EAE4E950023CCBE /* Sources */,
				49784C6C1EAE4E950023CCBE /* Frameworks */,
				49784C6D1EAE4E950023CCBE /* Resources */,
				BBD173FF1B1F5160E33A4DC9 /* [CP] Embed Pods Frameworks */,
				7B43FEEC6E6EEF815A900527 /* [CP] Copy Pods Resources */,
			);
			buildRules = (
			);
			dependencies = (
			);
			name = BYBestThink;
			productName = BYBestThink;
			productReference = 49784C6F1EAE4E950023CCBE /* BYBestThink.app */;
			productType = "com.apple.product-type.application";
		};
/* End PBXNativeTarget section */

/* Begin PBXProject section */
		49784C671EAE4E940023CCBE /* Project object */ = {
			isa = PBXProject;
			attributes = {
				CLASSPREFIX = BY;
				LastUpgradeCheck = 0830;
				ORGANIZATIONNAME = lby;
				TargetAttributes = {
					49784C6E1EAE4E950023CCBE = {
						CreatedOnToolsVersion = 8.3;
						DevelopmentTeam = 7FC3MV4TNP;
						ProvisioningStyle = Automatic;
					};
				};
			};
			buildConfigurationList = 49784C6A1EAE4E940023CCBE /* Build configuration list for PBXProject "BYBestThink" */;
			compatibilityVersion = "Xcode 3.2";
			developmentRegion = English;
			hasScannedForEncodings = 0;
			knownRegions = (
				en,
				Base,
			);
			mainGroup = 49784C661EAE4E940023CCBE;
			productRefGroup = 49784C701EAE4E950023CCBE /* Products */;
			projectDirPath = "";
			projectRoot = "";
			targets = (
				49784C6E1EAE4E950023CCBE /* BYBestThink */,
			);
		};
/* End PBXProject section */

/* Begin PBXResourcesBuildPhase section */
		49784C6D1EAE4E950023CCBE /* Resources */ = {
			isa = PBXResourcesBuildPhase;
			buildActionMask = 2147483647;
			files = (
				4986FA891EB9C4800054DF6D /* BYWebViewController.xib in Resources */,
				49C2D0DA1EB089980092039A /* BYFollowViewController.xib in Resources */,
				49C2D0521EAF12BD0092039A /* Assets.xcassets in Resources */,
				49C2D0DF1EB094940092039A /* BYLoginRegisterViewController.xib in Resources */,
			);
			runOnlyForDeploymentPostprocessing = 0;
		};
/* End PBXResourcesBuildPhase section */

/* Begin PBXShellScriptBuildPhase section */
		0352E06F190CDB8C39365F61 /* [CP] Check Pods Manifest.lock */ = {
			isa = PBXShellScriptBuildPhase;
			buildActionMask = 2147483647;
			files = (
			);
			inputPaths = (
			);
			name = "[CP] Check Pods Manifest.lock";
			outputPaths = (
			);
			runOnlyForDeploymentPostprocessing = 0;
			shellPath = /bin/sh;
			shellScript = "diff \"${PODS_PODFILE_DIR_PATH}/Podfile.lock\" \"${PODS_ROOT}/Manifest.lock\" > /dev/null\nif [ $? != 0 ] ; then\n    # print error to STDERR\n    echo \"error: The sandbox is not in sync with the Podfile.lock. Run 'pod install' or update your CocoaPods installation.\" >&2\n    exit 1\nfi\n";
			showEnvVarsInLog = 0;
		};
		7B43FEEC6E6EEF815A900527 /* [CP] Copy Pods Resources */ = {
			isa = PBXShellScriptBuildPhase;
			buildActionMask = 2147483647;
			files = (
			);
			inputPaths = (
			);
			name = "[CP] Copy Pods Resources";
			outputPaths = (
			);
			runOnlyForDeploymentPostprocessing = 0;
			shellPath = /bin/sh;
			shellScript = "\"${SRCROOT}/Pods/Target Support Files/Pods-BYBestThink/Pods-BYBestThink-resources.sh\"\n";
			showEnvVarsInLog = 0;
		};
		BBD173FF1B1F5160E33A4DC9 /* [CP] Embed Pods Frameworks */ = {
			isa = PBXShellScriptBuildPhase;
			buildActionMask = 2147483647;
			files = (
			);
			inputPaths = (
			);
			name = "[CP] Embed Pods Frameworks";
			outputPaths = (
			);
			runOnlyForDeploymentPostprocessing = 0;
			shellPath = /bin/sh;
			shellScript = "\"${SRCROOT}/Pods/Target Support Files/Pods-BYBestThink/Pods-BYBestThink-frameworks.sh\"\n";
			showEnvVarsInLog = 0;
		};
/* End PBXShellScriptBuildPhase section */

/* Begin PBXSourcesBuildPhase section */
		49784C6B1EAE4E950023CCBE /* Sources */ = {
			isa = PBXSourcesBuildPhase;
			buildActionMask = 2147483647;
			files = (
				4986FA7B1EB85C480054DF6D /* BYConst.m in Sources */,
				494C109B1EC2E29C0073DDB2 /* BYClearCacheCell.m in Sources */,
				4986FA721EB858EC0054DF6D /* BYMeCell.m in Sources */,
				49C2D0D81EB069930092039A /* BYSettingViewController.m in Sources */,
				494C10981EC166400073DDB2 /* NSString+BYExtension.m in Sources */,
				4986FA841EB886560054DF6D /* BYMeSquareButton.m in Sources */,
				49C2D0C61EB03EAD0092039A /* main.m in Sources */,
				49C2D0BE1EB03EAD0092039A /* BYEssenceViewController.m in Sources */,
				4997FECE1EBB287E004EABEC /* BYForgetPasswordViewController.m in Sources */,
				49C2D0C51EB03EAD0092039A /* BYTabBarController.m in Sources */,
				49C2D0C11EB03EAD0092039A /* BYNewViewController.m in Sources */,
				49C2D0D51EB05EE20092039A /* BYNavigationController.m in Sources */,
				49C2D0D21EB056310092039A /* BYRecommendFollowViewController.m in Sources */,
				49C2D0E51EB1AECC0092039A /* BYLoginRegisterTextField.m in Sources */,
				49C2D0E21EB0A6A70092039A /* BYQuickLoginButton.m in Sources */,
				49C2D0C21EB03EAD0092039A /* AppDelegate.m in Sources */,
				49C2D0BF1EB03EAD0092039A /* BYFollowViewController.m in Sources */,
				4986FA811EB85D280054DF6D /* BYMeFooterView.m in Sources */,
				4986FA7E1EB85CCF0054DF6D /* BYMeSquare.m in Sources */,
				49C2D0CC1EB04BE60092039A /* UIBarButtonItem+BYExtension.m in Sources */,
				49C2D0C41EB03EAD0092039A /* BYTabBar.m in Sources */,
				49C2D0C31EB03EAD0092039A /* UIView+BYExtension.m in Sources */,
				49C2D0DE1EB094940092039A /* BYLoginRegisterViewController.m in Sources */,
				4986FA6F1EB8279E0054DF6D /* UITextField+BYExtension.m in Sources */,
				49C2D0C01EB03EAD0092039A /* BYMeViewController.m in Sources */,
				4986FA881EB9C4800054DF6D /* BYWebViewController.m in Sources */,
			);
			runOnlyForDeploymentPostprocessing = 0;
		};
/* End PBXSourcesBuildPhase section */

/* Begin XCBuildConfiguration section */
		49784C841EAE4E950023CCBE /* Debug */ = {
			isa = XCBuildConfiguration;
			buildSettings = {
				ALWAYS_SEARCH_USER_PATHS = NO;
				CLANG_ANALYZER_NONNULL = YES;
				CLANG_ANALYZER_NUMBER_OBJECT_CONVERSION = YES_AGGRESSIVE;
				CLANG_CXX_LANGUAGE_STANDARD = "gnu++0x";
				CLANG_CXX_LIBRARY = "libc++";
				CLANG_ENABLE_MODULES = YES;
				CLANG_ENABLE_OBJC_ARC = YES;
				CLANG_WARN_BOOL_CONVERSION = YES;
				CLANG_WARN_CONSTANT_CONVERSION = YES;
				CLANG_WARN_DIRECT_OBJC_ISA_USAGE = YES_ERROR;
				CLANG_WARN_DOCUMENTATION_COMMENTS = YES;
				CLANG_WARN_EMPTY_BODY = YES;
				CLANG_WARN_ENUM_CONVERSION = YES;
				CLANG_WARN_INFINITE_RECURSION = YES;
				CLANG_WARN_INT_CONVERSION = YES;
				CLANG_WARN_OBJC_ROOT_CLASS = YES_ERROR;
				CLANG_WARN_SUSPICIOUS_MOVE = YES;
				CLANG_WARN_UNREACHABLE_CODE = YES;
				CLANG_WARN__DUPLICATE_METHOD_MATCH = YES;
				"CODE_SIGN_IDENTITY[sdk=iphoneos*]" = "iPhone Developer";
				COPY_PHASE_STRIP = NO;
				DEBUG_INFORMATION_FORMAT = dwarf;
				ENABLE_STRICT_OBJC_MSGSEND = YES;
				ENABLE_TESTABILITY = YES;
				GCC_C_LANGUAGE_STANDARD = gnu99;
				GCC_DYNAMIC_NO_PIC = NO;
				GCC_NO_COMMON_BLOCKS = YES;
				GCC_OPTIMIZATION_LEVEL = 0;
				GCC_PREPROCESSOR_DEFINITIONS = (
					"DEBUG=1",
					"$(inherited)",
				);
				GCC_WARN_64_TO_32_BIT_CONVERSION = YES;
				GCC_WARN_ABOUT_RETURN_TYPE = YES_ERROR;
				GCC_WARN_UNDECLARED_SELECTOR = YES;
				GCC_WARN_UNINITIALIZED_AUTOS = YES_AGGRESSIVE;
				GCC_WARN_UNUSED_FUNCTION = YES;
				GCC_WARN_UNUSED_VARIABLE = YES;
				IPHONEOS_DEPLOYMENT_TARGET = 10.3;
				MTL_ENABLE_DEBUG_INFO = YES;
				ONLY_ACTIVE_ARCH = YES;
				SDKROOT = iphoneos;
			};
			name = Debug;
		};
		49784C851EAE4E950023CCBE /* Release */ = {
			isa = XCBuildConfiguration;
			buildSettings = {
				ALWAYS_SEARCH_USER_PATHS = NO;
				CLANG_ANALYZER_NONNULL = YES;
				CLANG_ANALYZER_NUMBER_OBJECT_CONVERSION = YES_AGGRESSIVE;
				CLANG_CXX_LANGUAGE_STANDARD = "gnu++0x";
				CLANG_CXX_LIBRARY = "libc++";
				CLANG_ENABLE_MODULES = YES;
				CLANG_ENABLE_OBJC_ARC = YES;
				CLANG_WARN_BOOL_CONVERSION = YES;
				CLANG_WARN_CONSTANT_CONVERSION = YES;
				CLANG_WARN_DIRECT_OBJC_ISA_USAGE = YES_ERROR;
				CLANG_WARN_DOCUMENTATION_COMMENTS = YES;
				CLANG_WARN_EMPTY_BODY = YES;
				CLANG_WARN_ENUM_CONVERSION = YES;
				CLANG_WARN_INFINITE_RECURSION = YES;
				CLANG_WARN_INT_CONVERSION = YES;
				CLANG_WARN_OBJC_ROOT_CLASS = YES_ERROR;
				CLANG_WARN_SUSPICIOUS_MOVE = YES;
				CLANG_WARN_UNREACHABLE_CODE = YES;
				CLANG_WARN__DUPLICATE_METHOD_MATCH = YES;
				"CODE_SIGN_IDENTITY[sdk=iphoneos*]" = "iPhone Developer";
				COPY_PHASE_STRIP = NO;
				DEBUG_INFORMATION_FORMAT = "dwarf-with-dsym";
				ENABLE_NS_ASSERTIONS = NO;
				ENABLE_STRICT_OBJC_MSGSEND = YES;
				GCC_C_LANGUAGE_STANDARD = gnu99;
				GCC_NO_COMMON_BLOCKS = YES;
				GCC_WARN_64_TO_32_BIT_CONVERSION = YES;
				GCC_WARN_ABOUT_RETURN_TYPE = YES_ERROR;
				GCC_WARN_UNDECLARED_SELECTOR = YES;
				GCC_WARN_UNINITIALIZED_AUTOS = YES_AGGRESSIVE;
				GCC_WARN_UNUSED_FUNCTION = YES;
				GCC_WARN_UNUSED_VARIABLE = YES;
				IPHONEOS_DEPLOYMENT_TARGET = 10.3;
				MTL_ENABLE_DEBUG_INFO = NO;
				SDKROOT = iphoneos;
				VALIDATE_PRODUCT = YES;
			};
			name = Release;
		};
		49784C871EAE4E950023CCBE /* Debug */ = {
			isa = XCBuildConfiguration;
			baseConfigurationReference = A5C8632245AA4E3D827E8594 /* Pods-BYBestThink.debug.xcconfig */;
			buildSettings = {
				ASSETCATALOG_COMPILER_APPICON_NAME = AppIcon;
				ASSETCATALOG_COMPILER_LAUNCHIMAGE_NAME = LaunchImage;
				DEVELOPMENT_TEAM = 7FC3MV4TNP;
				FRAMEWORK_SEARCH_PATHS = (
					"$(inherited)",
					"$(PROJECT_DIR)/BYBestThink/Classes/SDK/SMS_SDK",
				);
				GCC_PRECOMPILE_PREFIX_HEADER = NO;
				GCC_PREFIX_HEADER = BYBestThink/Classes/Other/PrefixHeader.pch;
				INFOPLIST_FILE = BYBestThink/Info.plist;
				IPHONEOS_DEPLOYMENT_TARGET = 8.0;
				LD_RUNPATH_SEARCH_PATHS = "$(inherited) @executable_path/Frameworks";
				PRODUCT_BUNDLE_IDENTIFIER = com.lby.BYBestThink;
				PRODUCT_NAME = "$(TARGET_NAME)";
			};
			name = Debug;
		};
		49784C881EAE4E950023CCBE /* Release */ = {
			isa = XCBuildConfiguration;
			baseConfigurationReference = 5A3BBC7BF35B6E8994951A6B /* Pods-BYBestThink.release.xcconfig */;
			buildSettings = {
				ASSETCATALOG_COMPILER_APPICON_NAME = AppIcon;
				ASSETCATALOG_COMPILER_LAUNCHIMAGE_NAME = LaunchImage;
				DEVELOPMENT_TEAM = 7FC3MV4TNP;
				FRAMEWORK_SEARCH_PATHS = (
					"$(inherited)",
					"$(PROJECT_DIR)/BYBestThink/Classes/SDK/SMS_SDK",
				);
				GCC_PRECOMPILE_PREFIX_HEADER = NO;
				GCC_PREFIX_HEADER = BYBestThink/Classes/Other/PrefixHeader.pch;
				INFOPLIST_FILE = BYBestThink/Info.plist;
				IPHONEOS_DEPLOYMENT_TARGET = 8.0;
				LD_RUNPATH_SEARCH_PATHS = "$(inherited) @executable_path/Frameworks";
				PRODUCT_BUNDLE_IDENTIFIER = com.lby.BYBestThink;
				PRODUCT_NAME = "$(TARGET_NAME)";
			};
			name = Release;
		};
/* End XCBuildConfiguration section */

/* Begin XCConfigurationList section */
		49784C6A1EAE4E940023CCBE /* Build configuration list for PBXProject "BYBestThink" */ = {
			isa = XCConfigurationList;
			buildConfigurations = (
				49784C841EAE4E950023CCBE /* Debug */,
				49784C851EAE4E950023CCBE /* Release */,
			);
			defaultConfigurationIsVisible = 0;
			defaultConfigurationName = Release;
		};
		49784C861EAE4E950023CCBE /* Build configuration list for PBXNativeTarget "BYBestThink" */ = {
			isa = XCConfigurationList;
			buildConfigurations = (
				49784C871EAE4E950023CCBE /* Debug */,
				49784C881EAE4E950023CCBE /* Release */,
			);
			defaultConfigurationIsVisible = 0;
			defaultConfigurationName = Release;
		};
/* End XCConfigurationList section */
	};
	rootObject = 49784C671EAE4E940023CCBE /* Project object */;
}
